<?xml version="1.0" encoding="utf-8"?>
<Project ToolsVersion="4.0" xmlns="http://schemas.microsoft.com/developer/msbuild/2003">
  <ItemGroup>
    <ClCompile Include="EntryPoint.cpp" />
    <ClCompile Include="pch.cpp" />
    <ClCompile Include="D3D12Renderer.cpp">
      <Filter>Renderer</Filter>
    </ClCompile>
    <ClCompile Include="D3D12Utils.cpp">
      <Filter>Renderer</Filter>
    </ClCompile>
  </ItemGroup>
  <ItemGroup>
    <ClInclude Include="pch.h" />
    <ClInclude Include="..\Common\Types.h">
      <Filter>Common</Filter>
    </ClInclude>
    <ClInclude Include="D3D12Renderer.h">
      <Filter>Renderer</Filter>
    </ClInclude>
    <ClInclude Include="d3dx12.h">
      <Filter>Renderer</Filter>
    </ClInclude>
    <ClInclude Include="D3D12Utils.h">
      <Filter>Renderer</Filter>
    </ClInclude>
    <ClInclude Include="D3D12Vertex.h">
      <Filter>Renderer</Filter>
    </ClInclude>
  </ItemGroup>
  <ItemGroup>
    <Filter Include="Common">
      <UniqueIdentifier>{2f2891e9-1914-47c3-893f-f379661e730b}</UniqueIdentifier>
    </Filter>
    <Filter Include="Renderer">
      <UniqueIdentifier>{bf14ef74-ea3c-4cbb-8684-57a63150d113}</UniqueIdentifier>
    </Filter>
    <Filter Include="Renderer\Shaders">
      <UniqueIdentifier>{0314ff23-b6a9-4757-811b-89dd3c591a95}</UniqueIdentifier>
    </Filter>
  </ItemGroup>
  <ItemGroup>
    <CustomBuild Include="shaders.hlsl">
      <Filter>Renderer\Shaders</Filter>
    </CustomBuild>
  </ItemGroup>
</Project>